
Microsoft Visual Studio Solution File, Format Version 12.00
# Visual Studio 15
VisualStudioVersion = 15.0.27703.2042
MinimumVisualStudioVersion = 10.0.40219.1
Project("{FAE04EC0-301F-11D3-BF4B-00C04F79EFBC}") = "LearnASPNETCore", "LearnASPNETCore\LearnASPNETCore.csproj", "{FBE0C2EB-DC32-4B08-B0A5-A2081845A633}"
EndProject
Global
	GlobalSection(SolutionConfigurationPlatforms) = preSolution
		Debug|Any CPU = Debug|Any CPU
		Release|Any CPU = Release|Any CPU
	EndGlobalSection
	GlobalSection(ProjectConfigurationPlatforms) = postSolution
		{FBE0C2EB-DC32-4B08-B0A5-A2081845A633}.Debug|Any CPU.ActiveCfg = Debug|Any CPU
		{FBE0C2EB-DC32-4B08-B0A5-A2081845A633}.Debug|Any CPU.Build.0 = Debug|Any CPU
		{FBE0C2EB-DC32-4B08-B0A5-A2081845A633}.Release|Any CPU.ActiveCfg = Release|Any CPU
		{FBE0C2EB-DC32-4B08-B0A5-A2081845A633}.Release|Any CPU.Build.0 = Release|Any CPU
	EndGlobalSection
	GlobalSection(SolutionProperties) = preSolution
		HideSolutionNode = FALSE
	EndGlobalSection
	GlobalSection(ExtensibilityGlobals) = postSolution
		SolutionGuid = {5B038612-90B6-4401-A65C-D9345202EF50}
	EndGlobalSection
EndGlobal
